
Microsoft Visual Studio Solution File, Format Version 12.00
# Visual Studio 2012
Project("{8BC9CEB8-8B4A-11D0-8D11-00A0C91BC942}") = "test_github", "test_github\test_github.vcxproj", "{99CA294B-3B03-4874-B706-39966BCE959F}"
EndProject
Global
	GlobalSection(SolutionConfigurationPlatforms) = preSolution
		Debug|Win32 = Debug|Win32
		Release|Win32 = Release|Win32
	EndGlobalSection
	GlobalSection(ProjectConfigurationPlatforms) = postSolution
		{99CA294B-3B03-4874-B706-39966BCE959F}.Debug|Win32.ActiveCfg = Debug|Win32
		{99CA294B-3B03-4874-B706-39966BCE959F}.Debug|Win32.Build.0 = Debug|Win32
		{99CA294B-3B03-4874-B706-39966BCE959F}.Release|Win32.ActiveCfg = Release|Win32
		{99CA294B-3B03-4874-B706-39966BCE959F}.Release|Win32.Build.0 = Release|Win32
	EndGlobalSection
	GlobalSection(SolutionProperties) = preSolution
		HideSolutionNode = FALSE
	EndGlobalSection
EndGlobal
